
Microsoft Visual Studio Solution File, Format Version 12.00
# Visual Studio Version 17
VisualStudioVersion = 17.7.34018.315
MinimumVisualStudioVersion = 10.0.40219.1
Project("{FAE04EC0-301F-11D3-BF4B-00C04F79EFBC}") = "LachesBrag", "LachesBrag\LachesBrag.csproj", "{062A9D43-5159-4ECD-A0E5-CA36D92AA4D0}"
EndProject
Global
	GlobalSection(SolutionConfigurationPlatforms) = preSolution
		Debug|Any CPU = Debug|Any CPU
		Release|Any CPU = Release|Any CPU
	EndGlobalSection
	GlobalSection(ProjectConfigurationPlatforms) = postSolution
		{062A9D43-5159-4ECD-A0E5-CA36D92AA4D0}.Debug|Any CPU.ActiveCfg = Debug|Any CPU
		{062A9D43-5159-4ECD-A0E5-CA36D92AA4D0}.Debug|Any CPU.Build.0 = Debug|Any CPU
		{062A9D43-5159-4ECD-A0E5-CA36D92AA4D0}.Release|Any CPU.ActiveCfg = Release|Any CPU
		{062A9D43-5159-4ECD-A0E5-CA36D92AA4D0}.Release|Any CPU.Build.0 = Release|Any CPU
	EndGlobalSection
	GlobalSection(SolutionProperties) = preSolution
		HideSolutionNode = FALSE
	EndGlobalSection
	GlobalSection(ExtensibilityGlobals) = postSolution
		SolutionGuid = {F8962D08-20B8-4F83-9BF9-DD6D4D658F82}
	EndGlobalSection
EndGlobal
